github.com/dave/jennifer v1.4.0 h1:tNJFJmLDVTLu+v05mVZ88RINa3vQqnyyWkTKWYz0CwE=
github.com/dave/jennifer v1.4.0/go.mod h1:fIb+770HOpJ2fmN9EPPKOqm1vMGhB+TwXKMZhrIygKg=
github.com/dave/jennifer v1.4.1 h1:XyqG6cn5RQsTj3qlWQTKlRGAyrTcsk1kUmWdZBzRjDw=
github.com/dave/jennifer v1.4.1/go.mod h1:7jEdnm+qBcxl8PC0zyp7vxcpSRnzXSt9r39tpTVGlwA=
github.com/davecgh/go-spew v1.1.0 h1:ZDRjVQ15GmhC3fiQ8ni8+OwkZQO4DARzQgrnXU1Liz8=
github.com/davecgh/go-spew v1.1.0/go.mod h1:J7Y8YcW2NihsgmVo/mv3lAwl/skON4iLHjSsI+c5H38=
github.com/golangee/forms-example v0.0.0-20200818163651-1e606eb5369e h1:+f/Y0SdgRjqxwXGTOKNYZbLNXTUYQTYsfkcOgiscBms=
github.com/golangee/i18n v0.0.0-20200603170212-b3411a83a78d h1:5Xh8/tIjjVeKU7KqKh7qwIqsf1uw81EvfU3fM+/IhY4=
github.com/golangee/i18n v0.0.0-20200603170212-b3411a83a78d/go.mod h1:PEkODyDtj85SF5Dtk62gJOX0UtbxlZrV1/je2eynmIw=
github.com/golangee/i18n v0.0.0-20201120153540-30807c41fd75 h1:4aOj4mIFN516g2JVRaMq+KfjDwUx46kfADTu1+ACsaw=
github.com/golangee/i18n v0.0.0-20201120153540-30807c41fd75/go.mod h1:U8amP7bXgybNwvk1WuoKQNhI2cCMKApvkoHNTZVBThU=
github.com/golangee/log v0.0.0-20200527135508-039216fb6009 h1:Oq7S5qEtW2onDpKpYOcn4l/6pwKgg+GlpLSqfM79RxQ=
github.com/golangee/log v0.0.0-20200527135508-039216fb6009/go.mod h1:3bn9K3Qv+nn37RGViudYamNme1p/xf5olDp5Qehf6w8=
github.com/golangee/log v0.0.0-20201120150808-72a0d21fc254 h1:ygz4ZwEo9T0rwxrdPENEAXAZkvL+l46/lB8nXe2ymuo=
github.com/golangee/log v0.0.0-20201120150808-72a0d21fc254/go.mod h1:dUiMZFHdnlIsi6KOyAj+5jT+THo32aFtAoFMTRBlwuo=
github.com/iancoleman/strcase v0.0.0-20191112232945-16388991a334 h1:VHgatEHNcBFEB7inlalqfNqw65aNkM1lGX2yt3NmbS8=
github.com/iancoleman/strcase v0.0.0-20191112232945-16388991a334/go.mod h1:SK73tn/9oHe+/Y0h39VT4UCxmurVJkR5NA7kMEAOgSE=
github.com/iancoleman/strcase v0.1.2 h1:gnomlvw9tnV3ITTAxzKSgTF+8kFWcU/f+TgttpXGz1U=
github.com/iancoleman/strcase v0.1.2/go.mod h1:SK73tn/9oHe+/Y0h39VT4UCxmurVJkR5NA7kMEAOgSE=
github.com/kevinpollet/nego v0.0.0-20200324111829-b3061ca9dd9d h1:BaIpmhcqpBnz4+NZjUjVGxKNA+/E7ovKsjmwqjXcGYc=
github.com/kevinpollet/nego v0.0.0-20200324111829-b3061ca9dd9d/go.mod h1:3FSWkzk9h42opyV0o357Fq6gsLF/A6MI/qOca9kKobY=
github.com/lpar/gzipped/v2 v2.0.0-rc1 h1:tBZTdG3YVnQYBSckY7SmCaiaxpE4sz/Zzt6c19iS+QE=
github.com/lpar/gzipped/v2 v2.0.0-rc1/go.mod h1:qb7pLOGFgqz5w9xGGiiRFPxuGZ7GqWEuXUKXSbgonkQ=
github.com/pmezard/go-difflib v1.0.0 h1:4DBwDE0NGyQoBHbLQYPwSUPoCMWR5BEzIk/f1lZbAQM=
github.com/pmezard/go-difflib v1.0.0/go.mod h1:iKH77koFhYxTK1pcRnkKkqfTogsbg7gZNVY4sRDYZ/4=
github.com/stretchr/objx v0.1.0/go.mod h1:HFkY916IF+rwdDfMAkV7OtwuqBVzrE8GR6GFx+wExME=
github.com/stretchr/testify v1.5.1 h1:nOGnQDM7FYENwehXlg/kFVnos3rEvtKTjRvOWSzb6H4=
github.com/stretchr/testify v1.5.1/go.mod h1:5W2xD1RspED5o8YsWQXVCued0rvSQ+mT+I5cxcmMvtA=
github.com/worldiety/i18n v0.0.0-20200217125020-b17c54770fb1 h1:8GOJvrQJDBriHMc3bhx3fA9bmsAFWok2a+OL9zIwEtc=
github.com/worldiety/i18n v0.0.0-20200217125020-b17c54770fb1/go.mod h1:DyVBqq+vd3HsdHZoih/DHMXDsAvX5KOQFuyXxclQOzk=
github.com/worldiety/tools v0.0.0-20200212095042-da9114d80da1 h1:AD5dldXMD09aA4n2ZfboeVHp/cXy9iG7kqui42PwQUA=
github.com/worldiety/tools v0.0.0-20200212095042-da9114d80da1/go.mod h1:UWAhh+6RdP5npsQH++W2dgqdF4pTBEvzcpp3tWhHhV8=
golang.org/x/crypto v0.0.0-20190308221718-c2843e01d9a2/go.mod h1:djNgcEr1/C05ACkg1iLfiJU5Ep61QUkGW8qpdssI0+w=
golang.org/x/crypto v0.0.0-20191011191535-87dc89f01550/go.mod h1:yigFU9vqHzYiE8UmvKecakEJjdnWj3jj499lnFckfCI=
golang.org/x/lint v0.0.0-20200130185559-910be7a94367/go.mod h1:3xt1FjdF8hUf6vQPIChWIBhFzV8gjjsPE/fR3IyQdNY=
golang.org/x/mod v0.1.1-0.20191105210325-c90efee705ee/go.mod h1:QqPTAvyqsEbceGzBzNggFXnrqF1CaUcvgkdR5Ot7KZg=
golang.org/x/net v0.0.0-20190404232315-eb5bcb51f2a3/go.mod h1:t9HGtf8HONx5eT2rtn7q6eTqICYqUVnKs3thJo3Qplg=
golang.org/x/net v0.0.0-20190620200207-3b0461eec859/go.mod h1:z5CRVTTTmAJ677TzLLGU+0bjPO0LkuOLi4/5GtJWs/s=
golang.org/x/sync v0.0.0-20190423024810-112230192c58/go.mod h1:RxMgew5VJxzue5/jJTE5uejpjVlOe/izrB70Jof72aM=
golang.org/x/sys v0.0.0-20190215142949-d0b11bdaac8a/go.mod h1:STP8DvDyc/dI5b8T5hshtkjS+E42TnysNCUPdjciGhY=
golang.org/x/sys v0.0.0-20190412213103-97732733099d/go.mod h1:h1NjWce9XRLGQEsW7wpKNCjG9DtNlClVuFLEZdDNbEs=
golang.org/x/text v0.3.0/go.mod h1:NqM8EUOU14njkJ3fqMW+pc6Ldnwhi/IjpwHt7yyuwOQ=
golang.org/x/text v0.3.2 h1:tW2bmiBqwgJj/UpqtC8EpXEZVYOwU0yG4iWbprSVAcs=
golang.org/x/text v0.3.2/go.mod h1:bEr9sfX3Q8Zfm5fL9x+3itogRgK3+ptLWKqgva+5dAk=
golang.org/x/text v0.3.4 h1:0YWbFKbhXG/wIiuHDSKpS0Iy7FSA+u45VtBMfQcFTTc=
golang.org/x/text v0.3.4/go.mod h1:5Zoc/QRtKVWzQhOtBMvqHzDpF6irO9z98xDceosuGiQ=
golang.org/x/tools v0.0.0-20180917221912-90fa682c2a6e/go.mod h1:n7NCudcB/nEzxVGmLbDWY5pfWTLqBcC2KZ6jyYvM4mQ=
golang.org/x/tools v0.0.0-20200130002326-2f3ba24bd6e7/go.mod h1:TB2adYChydJhpapKDTa4BR/hXlZSLoq2Wpct/0txZ28=
golang.org/x/tools v0.0.0-20200211205636-11eff242d136/go.mod h1:TB2adYChydJhpapKDTa4BR/hXlZSLoq2Wpct/0txZ28=
golang.org/x/xerrors v0.0.0-20191011141410-1b5146add898/go.mod h1:I/5z698sn9Ka8TeJc9MKroUUfqBBauWjQqLJ2OPfmY0=
gopkg.in/check.v1 v0.0.0-20161208181325-20d25e280405 h1:yhCVgyC4o1eVCa2tZl7eS0r+SDo693bJlVdllGtEeKM=
gopkg.in/check.v1 v0.0.0-20161208181325-20d25e280405/go.mod h1:Co6ibVJAznAaIkqp8huTwlJQCZ016jof/cbN4VW5Yz0=
gopkg.in/yaml.v2 v2.2.2 h1:ZCJp+EgiOT7lHqUV2J862kp8Qj64Jo6az82+3Td9dZw=
gopkg.in/yaml.v2 v2.2.2/go.mod h1:hI93XBmqTisBFMUTm0b8Fm+jr3Dg1NNxqwp+5A1VGuI=
